
Microsoft Visual Studio Solution File, Format Version 12.00
# Visual Studio Version 17
VisualStudioVersion = 17.14.36221.1
MinimumVisualStudioVersion = 10.0.40219.1
Project("{FAE04EC0-301F-11D3-BF4B-00C04F79EFBC}") = "dataRxC#", "dataRxC#.csproj", "{C170BE0D-63B9-4367-BC59-EF6253E7B5BC}"
EndProject
Project("{FAE04EC0-301F-11D3-BF4B-00C04F79EFBC}") = "dataTxC#", "..\dataTxC#\dataTxC#.csproj", "{34365EE6-FDA5-4DE2-BA76-2E4BC4CC326F}"
EndProject
Global
	GlobalSection(SolutionConfigurationPlatforms) = preSolution
		Debug|Any CPU = Debug|Any CPU
		Release|Any CPU = Release|Any CPU
	EndGlobalSection
	GlobalSection(ProjectConfigurationPlatforms) = postSolution
		{C170BE0D-63B9-4367-BC59-EF6253E7B5BC}.Debug|Any CPU.ActiveCfg = Debug|Any CPU
		{C170BE0D-63B9-4367-BC59-EF6253E7B5BC}.Debug|Any CPU.Build.0 = Debug|Any CPU
		{C170BE0D-63B9-4367-BC59-EF6253E7B5BC}.Release|Any CPU.ActiveCfg = Release|Any CPU
		{C170BE0D-63B9-4367-BC59-EF6253E7B5BC}.Release|Any CPU.Build.0 = Release|Any CPU
		{34365EE6-FDA5-4DE2-BA76-2E4BC4CC326F}.Debug|Any CPU.ActiveCfg = Debug|Any CPU
		{34365EE6-FDA5-4DE2-BA76-2E4BC4CC326F}.Debug|Any CPU.Build.0 = Debug|Any CPU
		{34365EE6-FDA5-4DE2-BA76-2E4BC4CC326F}.Release|Any CPU.ActiveCfg = Release|Any CPU
		{34365EE6-FDA5-4DE2-BA76-2E4BC4CC326F}.Release|Any CPU.Build.0 = Release|Any CPU
	EndGlobalSection
	GlobalSection(SolutionProperties) = preSolution
		HideSolutionNode = FALSE
	EndGlobalSection
	GlobalSection(ExtensibilityGlobals) = postSolution
		SolutionGuid = {E8CF742C-DBE4-438E-B272-1BBE744DA41B}
	EndGlobalSection
EndGlobal
